// !$*UTF8*$!
{
	archiveVersion = 1;
	classes = {
	};
	objectVersion = 55;
	objects = {

/* Begin PBXBuildFile section */
		2C001C89282E39880028C5F9 /* CoinHistory.swift in Sources */ = {isa = PBXBuildFile; fileRef = 2C001C88282E39880028C5F9 /* CoinHistory.swift */; };
		2C1D4E1E2829A31E0087D2C3 /* Alamofire in Frameworks */ = {isa = PBXBuildFile; productRef = 2C1D4E1D2829A31E0087D2C3 /* Alamofire */; };
		2C1D4E212829A4000087D2C3 /* SwiftyJSON in Frameworks */ = {isa = PBXBuildFile; productRef = 2C1D4E202829A4000087D2C3 /* SwiftyJSON */; };
		2C521042282A6D82007180DF /* CoinView.swift in Sources */ = {isa = PBXBuildFile; fileRef = 2C521041282A6D82007180DF /* CoinView.swift */; };
		2CD6C199282AEC67001E504A /* Card.swift in Sources */ = {isa = PBXBuildFile; fileRef = 2CD6C198282AEC67001E504A /* Card.swift */; };
		2CE3DFC3282B048C00AB7B8A /* SDWebImageSwiftUI in Frameworks */ = {isa = PBXBuildFile; productRef = 2CE3DFC2282B048C00AB7B8A /* SDWebImageSwiftUI */; };
		2CE3DFC6282B049E00AB7B8A /* SDWebImageSVGCoder in Frameworks */ = {isa = PBXBuildFile; productRef = 2CE3DFC5282B049E00AB7B8A /* SDWebImageSVGCoder */; };
		2CF3D2CA282933B1007495AB /* coin_peekApp.swift in Sources */ = {isa = PBXBuildFile; fileRef = 2CF3D2C9282933B1007495AB /* coin_peekApp.swift */; };
		2CF3D2CC282933B1007495AB /* ContentView.swift in Sources */ = {isa = PBXBuildFile; fileRef = 2CF3D2CB282933B1007495AB /* ContentView.swift */; };
		2CF3D2CE282933B1007495AB /* Assets.xcassets in Resources */ = {isa = PBXBuildFile; fileRef = 2CF3D2CD282933B1007495AB /* Assets.xcassets */; };
		2CF3D2D1282933B1007495AB /* Preview Assets.xcassets in Resources */ = {isa = PBXBuildFile; fileRef = 2CF3D2D0282933B1007495AB /* Preview Assets.xcassets */; };
/* End PBXBuildFile section */

/* Begin PBXFileReference section */
		2C001C88282E39880028C5F9 /* CoinHistory.swift */ = {isa = PBXFileReference; lastKnownFileType = sourcecode.swift; path = CoinHistory.swift; sourceTree = "<group>"; };
		2C521041282A6D82007180DF /* CoinView.swift */ = {isa = PBXFileReference; lastKnownFileType = sourcecode.swift; path = CoinView.swift; sourceTree = "<group>"; };
		2CD6C198282AEC67001E504A /* Card.swift */ = {isa = PBXFileReference; lastKnownFileType = sourcecode.swift; path = Card.swift; sourceTree = "<group>"; };
		2CF3D2C6282933B1007495AB /* Coin Peek.app */ = {isa = PBXFileReference; explicitFileType = wrapper.application; includeInIndex = 0; path = "Coin Peek.app"; sourceTree = BUILT_PRODUCTS_DIR; };
		2CF3D2C9282933B1007495AB /* coin_peekApp.swift */ = {isa = PBXFileReference; lastKnownFileType = sourcecode.swift; path = coin_peekApp.swift; sourceTree = "<group>"; };
		2CF3D2CB282933B1007495AB /* ContentView.swift */ = {isa = PBXFileReference; lastKnownFileType = sourcecode.swift; path = ContentView.swift; sourceTree = "<group>"; };
		2CF3D2CD282933B1007495AB /* Assets.xcassets */ = {isa = PBXFileReference; lastKnownFileType = folder.assetcatalog; path = Assets.xcassets; sourceTree = "<group>"; };
		2CF3D2D0282933B1007495AB /* Preview Assets.xcassets */ = {isa = PBXFileReference; lastKnownFileType = folder.assetcatalog; path = "Preview Assets.xcassets"; sourceTree = "<group>"; };
		2CF3D2D2282933B1007495AB /* coin_peek.entitlements */ = {isa = PBXFileReference; lastKnownFileType = text.plist.entitlements; path = coin_peek.entitlements; sourceTree = "<group>"; };
/* End PBXFileReference section */

/* Begin PBXFrameworksBuildPhase section */
		2CF3D2C3282933B1007495AB /* Frameworks */ = {
			isa = PBXFrameworksBuildPhase;
			buildActionMask = 2147483647;
			files = (
				2CE3DFC3282B048C00AB7B8A /* SDWebImageSwiftUI in Frameworks */,
				2C1D4E212829A4000087D2C3 /* SwiftyJSON in Frameworks */,
				2C1D4E1E2829A31E0087D2C3 /* Alamofire in Frameworks */,
				2CE3DFC6282B049E00AB7B8A /* SDWebImageSVGCoder in Frameworks */,
			);
			runOnlyForDeploymentPostprocessing = 0;
		};
/* End PBXFrameworksBuildPhase section */

/* Begin PBXGroup section */
		2CF3D2BD282933B1007495AB = {
			isa = PBXGroup;
			children = (
				2CF3D2C8282933B1007495AB /* Coin Peek */,
				2CF3D2C7282933B1007495AB /* Products */,
			);
			sourceTree = "<group>";
		};
		2CF3D2C7282933B1007495AB /* Products */ = {
			isa = PBXGroup;
			children = (
				2CF3D2C6282933B1007495AB /* Coin Peek.app */,
			);
			name = Products;
			sourceTree = "<group>";
		};
		2CF3D2C8282933B1007495AB /* Coin Peek */ = {
			isa = PBXGroup;
			children = (
				2CF3D2C9282933B1007495AB /* coin_peekApp.swift */,
				2CF3D2CB282933B1007495AB /* ContentView.swift */,
				2CF3D2CD282933B1007495AB /* Assets.xcassets */,
				2CF3D2D2282933B1007495AB /* coin_peek.entitlements */,
				2CF3D2CF282933B1007495AB /* Preview Content */,
				2C521041282A6D82007180DF /* CoinView.swift */,
				2C001C88282E39880028C5F9 /* CoinHistory.swift */,
				2CD6C198282AEC67001E504A /* Card.swift */,
			);
			path = "Coin Peek";
			sourceTree = "<group>";
		};
		2CF3D2CF282933B1007495AB /* Preview Content */ = {
			isa = PBXGroup;
			children = (
				2CF3D2D0282933B1007495AB /* Preview Assets.xcassets */,
			);
			path = "Preview Content";
			sourceTree = "<group>";
		};
/* End PBXGroup section */

/* Begin PBXNativeTarget section */
		2CF3D2C5282933B1007495AB /* Coin Peek */ = {
			isa = PBXNativeTarget;
			buildConfigurationList = 2CF3D2D5282933B1007495AB /* Build configuration list for PBXNativeTarget "Coin Peek" */;
			buildPhases = (
				2CF3D2C2282933B1007495AB /* Sources */,
				2CF3D2C3282933B1007495AB /* Frameworks */,
				2CF3D2C4282933B1007495AB /* Resources */,
			);
			buildRules = (
			);
			dependencies = (
			);
			name = "Coin Peek";
			packageProductDependencies = (
				2C1D4E1D2829A31E0087D2C3 /* Alamofire */,
				2C1D4E202829A4000087D2C3 /* SwiftyJSON */,
				2CE3DFC2282B048C00AB7B8A /* SDWebImageSwiftUI */,
				2CE3DFC5282B049E00AB7B8A /* SDWebImageSVGCoder */,
			);
			productName = "coiner-mac";
			productReference = 2CF3D2C6282933B1007495AB /* Coin Peek.app */;
			productType = "com.apple.product-type.application";
		};
/* End PBXNativeTarget section */

/* Begin PBXProject section */
		2CF3D2BE282933B1007495AB /* Project object */ = {
			isa = PBXProject;
			attributes = {
				BuildIndependentTargetsInParallel = 1;
				LastSwiftUpdateCheck = 1330;
				LastUpgradeCheck = 1330;
				TargetAttributes = {
					2CF3D2C5282933B1007495AB = {
						CreatedOnToolsVersion = 13.3.1;
					};
				};
			};
			buildConfigurationList = 2CF3D2C1282933B1007495AB /* Build configuration list for PBXProject "Coin Peek" */;
			compatibilityVersion = "Xcode 13.0";
			developmentRegion = en;
			hasScannedForEncodings = 0;
			knownRegions = (
				en,
				Base,
			);
			mainGroup = 2CF3D2BD282933B1007495AB;
			packageReferences = (
				2C1D4E1C2829A31E0087D2C3 /* XCRemoteSwiftPackageReference "Alamofire" */,
				2C1D4E1F2829A4000087D2C3 /* XCRemoteSwiftPackageReference "SwiftyJSON" */,
				2CE3DFC1282B048C00AB7B8A /* XCRemoteSwiftPackageReference "SDWebImageSwiftUI" */,
				2CE3DFC4282B049E00AB7B8A /* XCRemoteSwiftPackageReference "SDWebImageSVGCoder" */,
			);
			productRefGroup = 2CF3D2C7282933B1007495AB /* Products */;
			projectDirPath = "";
			projectRoot = "";
			targets = (
				2CF3D2C5282933B1007495AB /* Coin Peek */,
			);
		};
/* End PBXProject section */

/* Begin PBXResourcesBuildPhase section */
		2CF3D2C4282933B1007495AB /* Resources */ = {
			isa = PBXResourcesBuildPhase;
			buildActionMask = 2147483647;
			files = (
				2CF3D2D1282933B1007495AB /* Preview Assets.xcassets in Resources */,
				2CF3D2CE282933B1007495AB /* Assets.xcassets in Resources */,
			);
			runOnlyForDeploymentPostprocessing = 0;
		};
/* End PBXResourcesBuildPhase section */

/* Begin PBXSourcesBuildPhase section */
		2CF3D2C2282933B1007495AB /* Sources */ = {
			isa = PBXSourcesBuildPhase;
			buildActionMask = 2147483647;
			files = (
				2C521042282A6D82007180DF /* CoinView.swift in Sources */,
				2CD6C199282AEC67001E504A /* Card.swift in Sources */,
				2CF3D2CC282933B1007495AB /* ContentView.swift in Sources */,
				2C001C89282E39880028C5F9 /* CoinHistory.swift in Sources */,
				2CF3D2CA282933B1007495AB /* coin_peekApp.swift in Sources */,
			);
			runOnlyForDeploymentPostprocessing = 0;
		};
/* End PBXSourcesBuildPhase section */

/* Begin XCBuildConfiguration section */
		2CF3D2D3282933B1007495AB /* Debug */ = {
			isa = XCBuildConfiguration;
			buildSettings = {
				ALWAYS_SEARCH_USER_PATHS = NO;
				CLANG_ANALYZER_NONNULL = YES;
				CLANG_ANALYZER_NUMBER_OBJECT_CONVERSION = YES_AGGRESSIVE;
				CLANG_CXX_LANGUAGE_STANDARD = "gnu++17";
				CLANG_ENABLE_MODULES = YES;
				CLANG_ENABLE_OBJC_ARC = YES;
				CLANG_ENABLE_OBJC_WEAK = YES;
				CLANG_WARN_BLOCK_CAPTURE_AUTORELEASING = YES;
				CLANG_WARN_BOOL_CONVERSION = YES;
				CLANG_WARN_COMMA = YES;
				CLANG_WARN_CONSTANT_CONVERSION = YES;
				CLANG_WARN_DEPRECATED_OBJC_IMPLEMENTATIONS = YES;
				CLANG_WARN_DIRECT_OBJC_ISA_USAGE = YES_ERROR;
				CLANG_WARN_DOCUMENTATION_COMMENTS = YES;
				CLANG_WARN_EMPTY_BODY = YES;
				CLANG_WARN_ENUM_CONVERSION = YES;
				CLANG_WARN_INFINITE_RECURSION = YES;
				CLANG_WARN_INT_CONVERSION = YES;
				CLANG_WARN_NON_LITERAL_NULL_CONVERSION = YES;
				CLANG_WARN_OBJC_IMPLICIT_RETAIN_SELF = YES;
				CLANG_WARN_OBJC_LITERAL_CONVERSION = YES;
				CLANG_WARN_OBJC_ROOT_CLASS = YES_ERROR;
				CLANG_WARN_QUOTED_INCLUDE_IN_FRAMEWORK_HEADER = YES;
				CLANG_WARN_RANGE_LOOP_ANALYSIS = YES;
				CLANG_WARN_STRICT_PROTOTYPES = YES;
				CLANG_WARN_SUSPICIOUS_MOVE = YES;
				CLANG_WARN_UNGUARDED_AVAILABILITY = YES_AGGRESSIVE;
				CLANG_WARN_UNREACHABLE_CODE = YES;
				CLANG_WARN__DUPLICATE_METHOD_MATCH = YES;
				COPY_PHASE_STRIP = NO;
				DEBUG_INFORMATION_FORMAT = dwarf;
				ENABLE_STRICT_OBJC_MSGSEND = YES;
				ENABLE_TESTABILITY = YES;
				GCC_C_LANGUAGE_STANDARD = gnu11;
				GCC_DYNAMIC_NO_PIC = NO;
				GCC_NO_COMMON_BLOCKS = YES;
				GCC_OPTIMIZATION_LEVEL = 0;
				GCC_PREPROCESSOR_DEFINITIONS = (
					"DEBUG=1",
					"$(inherited)",
				);
				GCC_WARN_64_TO_32_BIT_CONVERSION = YES;
				GCC_WARN_ABOUT_RETURN_TYPE = YES_ERROR;
				GCC_WARN_UNDECLARED_SELECTOR = YES;
				GCC_WARN_UNINITIALIZED_AUTOS = YES_AGGRESSIVE;
				GCC_WARN_UNUSED_FUNCTION = YES;
				GCC_WARN_UNUSED_VARIABLE = YES;
				MACOSX_DEPLOYMENT_TARGET = 12.3;
				MTL_ENABLE_DEBUG_INFO = INCLUDE_SOURCE;
				MTL_FAST_MATH = YES;
				ONLY_ACTIVE_ARCH = YES;
				SDKROOT = macosx;
				SWIFT_ACTIVE_COMPILATION_CONDITIONS = DEBUG;
				SWIFT_OPTIMIZATION_LEVEL = "-Onone";
			};
			name = Debug;
		};
		2CF3D2D4282933B1007495AB /* Release */ = {
			isa = XCBuildConfiguration;
			buildSettings = {
				ALWAYS_SEARCH_USER_PATHS = NO;
				CLANG_ANALYZER_NONNULL = YES;
				CLANG_ANALYZER_NUMBER_OBJECT_CONVERSION = YES_AGGRESSIVE;
				CLANG_CXX_LANGUAGE_STANDARD = "gnu++17";
				CLANG_ENABLE_MODULES = YES;
				CLANG_ENABLE_OBJC_ARC = YES;
				CLANG_ENABLE_OBJC_WEAK = YES;
				CLANG_WARN_BLOCK_CAPTURE_AUTORELEASING = YES;
				CLANG_WARN_BOOL_CONVERSION = YES;
				CLANG_WARN_COMMA = YES;
				CLANG_WARN_CONSTANT_CONVERSION = YES;
				CLANG_WARN_DEPRECATED_OBJC_IMPLEMENTATIONS = YES;
				CLANG_WARN_DIRECT_OBJC_ISA_USAGE = YES_ERROR;
				CLANG_WARN_DOCUMENTATION_COMMENTS = YES;
				CLANG_WARN_EMPTY_BODY = YES;
				CLANG_WARN_ENUM_CONVERSION = YES;
				CLANG_WARN_INFINITE_RECURSION = YES;
				CLANG_WARN_INT_CONVERSION = YES;
				CLANG_WARN_NON_LITERAL_NULL_CONVERSION = YES;
				CLANG_WARN_OBJC_IMPLICIT_RETAIN_SELF = YES;
				CLANG_WARN_OBJC_LITERAL_CONVERSION = YES;
				CLANG_WARN_OBJC_ROOT_CLASS = YES_ERROR;
				CLANG_WARN_QUOTED_INCLUDE_IN_FRAMEWORK_HEADER = YES;
				CLANG_WARN_RANGE_LOOP_ANALYSIS = YES;
				CLANG_WARN_STRICT_PROTOTYPES = YES;
				CLANG_WARN_SUSPICIOUS_MOVE = YES;
				CLANG_WARN_UNGUARDED_AVAILABILITY = YES_AGGRESSIVE;
				CLANG_WARN_UNREACHABLE_CODE = YES;
				CLANG_WARN__DUPLICATE_METHOD_MATCH = YES;
				COPY_PHASE_STRIP = NO;
				DEBUG_INFORMATION_FORMAT = "dwarf-with-dsym";
				ENABLE_NS_ASSERTIONS = NO;
				ENABLE_STRICT_OBJC_MSGSEND = YES;
				GCC_C_LANGUAGE_STANDARD = gnu11;
				GCC_NO_COMMON_BLOCKS = YES;
				GCC_WARN_64_TO_32_BIT_CONVERSION = YES;
				GCC_WARN_ABOUT_RETURN_TYPE = YES_ERROR;
				GCC_WARN_UNDECLARED_SELECTOR = YES;
				GCC_WARN_UNINITIALIZED_AUTOS = YES_AGGRESSIVE;
				GCC_WARN_UNUSED_FUNCTION = YES;
				GCC_WARN_UNUSED_VARIABLE = YES;
				MACOSX_DEPLOYMENT_TARGET = 12.3;
				MTL_ENABLE_DEBUG_INFO = NO;
				MTL_FAST_MATH = YES;
				SDKROOT = macosx;
				SWIFT_COMPILATION_MODE = wholemodule;
				SWIFT_OPTIMIZATION_LEVEL = "-O";
			};
			name = Release;
		};
		2CF3D2D6282933B1007495AB /* Debug */ = {
			isa = XCBuildConfiguration;
			buildSettings = {
				ASSETCATALOG_COMPILER_APPICON_NAME = AppIcon;
				ASSETCATALOG_COMPILER_GLOBAL_ACCENT_COLOR_NAME = AccentColor;
				CODE_SIGN_ENTITLEMENTS = "Coin Peek/coin_peek.entitlements";
				CODE_SIGN_STYLE = Automatic;
				COMBINE_HIDPI_IMAGES = YES;
				CURRENT_PROJECT_VERSION = 1;
				DEVELOPMENT_ASSET_PATHS = "\"Coin Peek/Preview Content\"";
				DEVELOPMENT_TEAM = 27D76L9RB3;
				ENABLE_HARDENED_RUNTIME = YES;
				ENABLE_PREVIEWS = YES;
				GENERATE_INFOPLIST_FILE = YES;
				INFOPLIST_KEY_LSApplicationCategoryType = "public.app-category.finance";
				INFOPLIST_KEY_NSHumanReadableCopyright = "";
				LD_RUNPATH_SEARCH_PATHS = (
					"$(inherited)",
					"@executable_path/../Frameworks",
				);
				MARKETING_VERSION = 1.0;
				PRODUCT_BUNDLE_IDENTIFIER = com.albingroen.coinview;
				PRODUCT_NAME = "$(TARGET_NAME)";
				SWIFT_EMIT_LOC_STRINGS = YES;
				SWIFT_VERSION = 5.0;
			};
			name = Debug;
		};
		2CF3D2D7282933B1007495AB /* Release */ = {
			isa = XCBuildConfiguration;
			buildSettings = {
				ASSETCATALOG_COMPILER_APPICON_NAME = AppIcon;
				ASSETCATALOG_COMPILER_GLOBAL_ACCENT_COLOR_NAME = AccentColor;
				CODE_SIGN_ENTITLEMENTS = "Coin Peek/coin_peek.entitlements";
				CODE_SIGN_STYLE = Automatic;
				COMBINE_HIDPI_IMAGES = YES;
				CURRENT_PROJECT_VERSION = 1;
				DEVELOPMENT_ASSET_PATHS = "\"Coin Peek/Preview Content\"";
				DEVELOPMENT_TEAM = 27D76L9RB3;
				ENABLE_HARDENED_RUNTIME = YES;
				ENABLE_PREVIEWS = YES;
				GENERATE_INFOPLIST_FILE = YES;
				INFOPLIST_KEY_LSApplicationCategoryType = "public.app-category.finance";
				INFOPLIST_KEY_NSHumanReadableCopyright = "";
				LD_RUNPATH_SEARCH_PATHS = (
					"$(inherited)",
					"@executable_path/../Frameworks",
				);
				MARKETING_VERSION = 1.0;
				PRODUCT_BUNDLE_IDENTIFIER = com.albingroen.coinview;
				PRODUCT_NAME = "$(TARGET_NAME)";
				SWIFT_EMIT_LOC_STRINGS = YES;
				SWIFT_VERSION = 5.0;
			};
			name = Release;
		};
/* End XCBuildConfiguration section */

/* Begin XCConfigurationList section */
		2CF3D2C1282933B1007495AB /* Build configuration list for PBXProject "Coin Peek" */ = {
			isa = XCConfigurationList;
			buildConfigurations = (
				2CF3D2D3282933B1007495AB /* Debug */,
				2CF3D2D4282933B1007495AB /* Release */,
			);
			defaultConfigurationIsVisible = 0;
			defaultConfigurationName = Release;
		};
		2CF3D2D5282933B1007495AB /* Build configuration list for PBXNativeTarget "Coin Peek" */ = {
			isa = XCConfigurationList;
			buildConfigurations = (
				2CF3D2D6282933B1007495AB /* Debug */,
				2CF3D2D7282933B1007495AB /* Release */,
			);
			defaultConfigurationIsVisible = 0;
			defaultConfigurationName = Release;
		};
/* End XCConfigurationList section */

/* Begin XCRemoteSwiftPackageReference section */
		2C1D4E1C2829A31E0087D2C3 /* XCRemoteSwiftPackageReference "Alamofire" */ = {
			isa = XCRemoteSwiftPackageReference;
			repositoryURL = "https://github.com/Alamofire/Alamofire.git";
			requirement = {
				kind = upToNextMajorVersion;
				minimumVersion = 5.0.0;
			};
		};
		2C1D4E1F2829A4000087D2C3 /* XCRemoteSwiftPackageReference "SwiftyJSON" */ = {
			isa = XCRemoteSwiftPackageReference;
			repositoryURL = "https://github.com/SwiftyJSON/SwiftyJSON.git";
			requirement = {
				kind = upToNextMajorVersion;
				minimumVersion = 5.0.0;
			};
		};
		2CE3DFC1282B048C00AB7B8A /* XCRemoteSwiftPackageReference "SDWebImageSwiftUI" */ = {
			isa = XCRemoteSwiftPackageReference;
			repositoryURL = "https://github.com/SDWebImage/SDWebImageSwiftUI";
			requirement = {
				branch = master;
				kind = branch;
			};
		};
		2CE3DFC4282B049E00AB7B8A /* XCRemoteSwiftPackageReference "SDWebImageSVGCoder" */ = {
			isa = XCRemoteSwiftPackageReference;
			repositoryURL = "https://github.com/SDWebImage/SDWebImageSVGCoder";
			requirement = {
				kind = upToNextMajorVersion;
				minimumVersion = 1.0.0;
			};
		};
/* End XCRemoteSwiftPackageReference section */

/* Begin XCSwiftPackageProductDependency section */
		2C1D4E1D2829A31E0087D2C3 /* Alamofire */ = {
			isa = XCSwiftPackageProductDependency;
			package = 2C1D4E1C2829A31E0087D2C3 /* XCRemoteSwiftPackageReference "Alamofire" */;
			productName = Alamofire;
		};
		2C1D4E202829A4000087D2C3 /* SwiftyJSON */ = {
			isa = XCSwiftPackageProductDependency;
			package = 2C1D4E1F2829A4000087D2C3 /* XCRemoteSwiftPackageReference "SwiftyJSON" */;
			productName = SwiftyJSON;
		};
		2CE3DFC2282B048C00AB7B8A /* SDWebImageSwiftUI */ = {
			isa = XCSwiftPackageProductDependency;
			package = 2CE3DFC1282B048C00AB7B8A /* XCRemoteSwiftPackageReference "SDWebImageSwiftUI" */;
			productName = SDWebImageSwiftUI;
		};
		2CE3DFC5282B049E00AB7B8A /* SDWebImageSVGCoder */ = {
			isa = XCSwiftPackageProductDependency;
			package = 2CE3DFC4282B049E00AB7B8A /* XCRemoteSwiftPackageReference "SDWebImageSVGCoder" */;
			productName = SDWebImageSVGCoder;
		};
/* End XCSwiftPackageProductDependency section */
	};
	rootObject = 2CF3D2BE282933B1007495AB /* Project object */;
}
